
Microsoft Visual Studio Solution File, Format Version 12.00
# Visual Studio Version 16
VisualStudioVersion = 16.0.30611.23
MinimumVisualStudioVersion = 10.0.40219.1
Project("{9A19103F-16F7-4668-BE54-9A1E7A4F7556}") = "Prb.Casting.Wpf", "Prb.Casting.Wpf\Prb.Casting.Wpf.csproj", "{EF98D0A6-C761-47EA-9792-78E24829B61A}"
EndProject
Global
	GlobalSection(SolutionConfigurationPlatforms) = preSolution
		Debug|Any CPU = Debug|Any CPU
		Release|Any CPU = Release|Any CPU
	EndGlobalSection
	GlobalSection(ProjectConfigurationPlatforms) = postSolution
		{EF98D0A6-C761-47EA-9792-78E24829B61A}.Debug|Any CPU.ActiveCfg = Debug|Any CPU
		{EF98D0A6-C761-47EA-9792-78E24829B61A}.Debug|Any CPU.Build.0 = Debug|Any CPU
		{EF98D0A6-C761-47EA-9792-78E24829B61A}.Release|Any CPU.ActiveCfg = Release|Any CPU
		{EF98D0A6-C761-47EA-9792-78E24829B61A}.Release|Any CPU.Build.0 = Release|Any CPU
	EndGlobalSection
	GlobalSection(SolutionProperties) = preSolution
		HideSolutionNode = FALSE
	EndGlobalSection
	GlobalSection(ExtensibilityGlobals) = postSolution
		SolutionGuid = {8587EC18-4FC2-434B-BE65-5DAA271744AC}
	EndGlobalSection
EndGlobal
